
Microsoft Visual Studio Solution File, Format Version 12.00
# Visual Studio Version 17
VisualStudioVersion = 17.3.32929.385
MinimumVisualStudioVersion = 10.0.40219.1
Project("{9A19103F-16F7-4668-BE54-9A1E7A4F7556}") = "AzureFunctionPractice", "AzureFunctionPractice\AzureFunctionPractice.csproj", "{E79DE2E2-E3E9-45A7-BE45-F903209DBB5B}"
EndProject
Project("{FAE04EC0-301F-11D3-BF4B-00C04F79EFBC}") = "Function1", "Function1\Function1.csproj", "{2DB6E73F-5BB7-474B-8C1D-6BE03CA8DB86}"
EndProject
Global
	GlobalSection(SolutionConfigurationPlatforms) = preSolution
		Debug|Any CPU = Debug|Any CPU
		Release|Any CPU = Release|Any CPU
	EndGlobalSection
	GlobalSection(ProjectConfigurationPlatforms) = postSolution
		{E79DE2E2-E3E9-45A7-BE45-F903209DBB5B}.Debug|Any CPU.ActiveCfg = Debug|Any CPU
		{E79DE2E2-E3E9-45A7-BE45-F903209DBB5B}.Debug|Any CPU.Build.0 = Debug|Any CPU
		{E79DE2E2-E3E9-45A7-BE45-F903209DBB5B}.Release|Any CPU.ActiveCfg = Release|Any CPU
		{E79DE2E2-E3E9-45A7-BE45-F903209DBB5B}.Release|Any CPU.Build.0 = Release|Any CPU
		{2DB6E73F-5BB7-474B-8C1D-6BE03CA8DB86}.Debug|Any CPU.ActiveCfg = Debug|Any CPU
		{2DB6E73F-5BB7-474B-8C1D-6BE03CA8DB86}.Debug|Any CPU.Build.0 = Debug|Any CPU
		{2DB6E73F-5BB7-474B-8C1D-6BE03CA8DB86}.Release|Any CPU.ActiveCfg = Release|Any CPU
		{2DB6E73F-5BB7-474B-8C1D-6BE03CA8DB86}.Release|Any CPU.Build.0 = Release|Any CPU
	EndGlobalSection
	GlobalSection(SolutionProperties) = preSolution
		HideSolutionNode = FALSE
	EndGlobalSection
	GlobalSection(ExtensibilityGlobals) = postSolution
		SolutionGuid = {830EBA2D-8A2F-402C-B4C8-2919AB600626}
	EndGlobalSection
EndGlobal
